
Microsoft Visual Studio Solution File, Format Version 12.00
# Visual Studio 15
VisualStudioVersion = 15.0.27428.2015
MinimumVisualStudioVersion = 10.0.40219.1
Project("{9A19103F-16F7-4668-BE54-9A1E7A4F7556}") = "Bands.BLL", "Bands.BLL\Bands.BLL.csproj", "{3FC614E4-08F1-43BB-866E-D2846BE01CD1}"
EndProject
Project("{9A19103F-16F7-4668-BE54-9A1E7A4F7556}") = "Bands.DAL", "Bands.DAL\Bands.DAL.csproj", "{C9908862-0F24-42F7-8D0F-71DCB52C9AEE}"
EndProject
Project("{9A19103F-16F7-4668-BE54-9A1E7A4F7556}") = "Bands.WEB", "Bands.WEB\Bands.WEB.csproj", "{C3BBFE75-5A16-454A-BE85-B085307EEBED}"
EndProject
Project("{9A19103F-16F7-4668-BE54-9A1E7A4F7556}") = "Bands.DTO", "Bands.DTO\Bands.DTO.csproj", "{D1F24E01-3DCA-48F9-94E7-61DCE03237D7}"
EndProject
Project("{9A19103F-16F7-4668-BE54-9A1E7A4F7556}") = "Bands.Domains", "Bands.Domains\Bands.Domains.csproj", "{42EFBBE5-54D7-4C86-B924-CA12AB34B0F1}"
EndProject
Global
	GlobalSection(SolutionConfigurationPlatforms) = preSolution
		Debug|Any CPU = Debug|Any CPU
		Release|Any CPU = Release|Any CPU
	EndGlobalSection
	GlobalSection(ProjectConfigurationPlatforms) = postSolution
		{3FC614E4-08F1-43BB-866E-D2846BE01CD1}.Debug|Any CPU.ActiveCfg = Debug|Any CPU
		{3FC614E4-08F1-43BB-866E-D2846BE01CD1}.Debug|Any CPU.Build.0 = Debug|Any CPU
		{3FC614E4-08F1-43BB-866E-D2846BE01CD1}.Release|Any CPU.ActiveCfg = Release|Any CPU
		{3FC614E4-08F1-43BB-866E-D2846BE01CD1}.Release|Any CPU.Build.0 = Release|Any CPU
		{C9908862-0F24-42F7-8D0F-71DCB52C9AEE}.Debug|Any CPU.ActiveCfg = Debug|Any CPU
		{C9908862-0F24-42F7-8D0F-71DCB52C9AEE}.Debug|Any CPU.Build.0 = Debug|Any CPU
		{C9908862-0F24-42F7-8D0F-71DCB52C9AEE}.Release|Any CPU.ActiveCfg = Release|Any CPU
		{C9908862-0F24-42F7-8D0F-71DCB52C9AEE}.Release|Any CPU.Build.0 = Release|Any CPU
		{C3BBFE75-5A16-454A-BE85-B085307EEBED}.Debug|Any CPU.ActiveCfg = Debug|Any CPU
		{C3BBFE75-5A16-454A-BE85-B085307EEBED}.Debug|Any CPU.Build.0 = Debug|Any CPU
		{C3BBFE75-5A16-454A-BE85-B085307EEBED}.Release|Any CPU.ActiveCfg = Release|Any CPU
		{C3BBFE75-5A16-454A-BE85-B085307EEBED}.Release|Any CPU.Build.0 = Release|Any CPU
		{D1F24E01-3DCA-48F9-94E7-61DCE03237D7}.Debug|Any CPU.ActiveCfg = Debug|Any CPU
		{D1F24E01-3DCA-48F9-94E7-61DCE03237D7}.Debug|Any CPU.Build.0 = Debug|Any CPU
		{D1F24E01-3DCA-48F9-94E7-61DCE03237D7}.Release|Any CPU.ActiveCfg = Release|Any CPU
		{D1F24E01-3DCA-48F9-94E7-61DCE03237D7}.Release|Any CPU.Build.0 = Release|Any CPU
		{42EFBBE5-54D7-4C86-B924-CA12AB34B0F1}.Debug|Any CPU.ActiveCfg = Debug|Any CPU
		{42EFBBE5-54D7-4C86-B924-CA12AB34B0F1}.Debug|Any CPU.Build.0 = Debug|Any CPU
		{42EFBBE5-54D7-4C86-B924-CA12AB34B0F1}.Release|Any CPU.ActiveCfg = Release|Any CPU
		{42EFBBE5-54D7-4C86-B924-CA12AB34B0F1}.Release|Any CPU.Build.0 = Release|Any CPU
	EndGlobalSection
	GlobalSection(SolutionProperties) = preSolution
		HideSolutionNode = FALSE
	EndGlobalSection
	GlobalSection(ExtensibilityGlobals) = postSolution
		SolutionGuid = {A440AC25-3018-4C65-9861-95C1E446935D}
	EndGlobalSection
EndGlobal
